
Microsoft Visual Studio Solution File, Format Version 12.00
# Visual Studio 15
VisualStudioVersion = 15.0.28307.1000
MinimumVisualStudioVersion = 10.0.40219.1
Project("{FAE04EC0-301F-11D3-BF4B-00C04F79EFBC}") = "SakuraLauncher", "SakuraLauncher\SakuraLauncher.csproj", "{D47FAF57-F12E-4052-B69D-4FFD227D36FF}"
EndProject
Project("{FAE04EC0-301F-11D3-BF4B-00C04F79EFBC}") = "LegacyLauncher", "LegacyLauncher\LegacyLauncher.csproj", "{2341B65D-0B5E-45AE-BAA2-6DA63D119F41}"
EndProject
Project("{FAE04EC0-301F-11D3-BF4B-00C04F79EFBC}") = "SakuraFrpService", "SakuraFrpService\SakuraFrpService.csproj", "{1D8A7DBA-C82F-4EEA-B443-2AF24062DC6F}"
EndProject
Project("{FAE04EC0-301F-11D3-BF4B-00C04F79EFBC}") = "SakuraLibrary", "SakuraLibrary\SakuraLibrary.csproj", "{EC113DEE-C0B2-4E52-A318-FD44DAD67EA3}"
EndProject
Project("{FAE04EC0-301F-11D3-BF4B-00C04F79EFBC}") = "Updater", "Updater\Updater.csproj", "{5FF971A9-1F53-4A85-9440-E61A8F659D75}"
EndProject
Global
	GlobalSection(SolutionConfigurationPlatforms) = preSolution
		Debug|Any CPU = Debug|Any CPU
		Release|Any CPU = Release|Any CPU
	EndGlobalSection
	GlobalSection(ProjectConfigurationPlatforms) = postSolution
		{D47FAF57-F12E-4052-B69D-4FFD227D36FF}.Debug|Any CPU.ActiveCfg = Debug|Any CPU
		{D47FAF57-F12E-4052-B69D-4FFD227D36FF}.Debug|Any CPU.Build.0 = Debug|Any CPU
		{D47FAF57-F12E-4052-B69D-4FFD227D36FF}.Release|Any CPU.ActiveCfg = Release|Any CPU
		{D47FAF57-F12E-4052-B69D-4FFD227D36FF}.Release|Any CPU.Build.0 = Release|Any CPU
		{2341B65D-0B5E-45AE-BAA2-6DA63D119F41}.Debug|Any CPU.ActiveCfg = Debug|Any CPU
		{2341B65D-0B5E-45AE-BAA2-6DA63D119F41}.Debug|Any CPU.Build.0 = Debug|Any CPU
		{2341B65D-0B5E-45AE-BAA2-6DA63D119F41}.Release|Any CPU.ActiveCfg = Release|Any CPU
		{2341B65D-0B5E-45AE-BAA2-6DA63D119F41}.Release|Any CPU.Build.0 = Release|Any CPU
		{1D8A7DBA-C82F-4EEA-B443-2AF24062DC6F}.Debug|Any CPU.ActiveCfg = Debug|Any CPU
		{1D8A7DBA-C82F-4EEA-B443-2AF24062DC6F}.Debug|Any CPU.Build.0 = Debug|Any CPU
		{1D8A7DBA-C82F-4EEA-B443-2AF24062DC6F}.Release|Any CPU.ActiveCfg = Release|Any CPU
		{1D8A7DBA-C82F-4EEA-B443-2AF24062DC6F}.Release|Any CPU.Build.0 = Release|Any CPU
		{EC113DEE-C0B2-4E52-A318-FD44DAD67EA3}.Debug|Any CPU.ActiveCfg = Debug|Any CPU
		{EC113DEE-C0B2-4E52-A318-FD44DAD67EA3}.Debug|Any CPU.Build.0 = Debug|Any CPU
		{EC113DEE-C0B2-4E52-A318-FD44DAD67EA3}.Release|Any CPU.ActiveCfg = Release|Any CPU
		{EC113DEE-C0B2-4E52-A318-FD44DAD67EA3}.Release|Any CPU.Build.0 = Release|Any CPU
		{5FF971A9-1F53-4A85-9440-E61A8F659D75}.Debug|Any CPU.ActiveCfg = Debug|Any CPU
		{5FF971A9-1F53-4A85-9440-E61A8F659D75}.Debug|Any CPU.Build.0 = Debug|Any CPU
		{5FF971A9-1F53-4A85-9440-E61A8F659D75}.Release|Any CPU.ActiveCfg = Release|Any CPU
		{5FF971A9-1F53-4A85-9440-E61A8F659D75}.Release|Any CPU.Build.0 = Release|Any CPU
	EndGlobalSection
	GlobalSection(SolutionProperties) = preSolution
		HideSolutionNode = FALSE
	EndGlobalSection
	GlobalSection(ExtensibilityGlobals) = postSolution
		SolutionGuid = {3FB38F30-55BC-4226-97BF-13002FEA921B}
	EndGlobalSection
EndGlobal
