
Microsoft Visual Studio Solution File, Format Version 12.00
# Visual Studio Version 17
VisualStudioVersion = 17.6.33829.357
MinimumVisualStudioVersion = 10.0.40219.1
Project("{9A19103F-16F7-4668-BE54-9A1E7A4F7556}") = "SakuraLauncher", "SakuraLauncher\SakuraLauncher.csproj", "{D47FAF57-F12E-4052-B69D-4FFD227D36FF}"
EndProject
Project("{9A19103F-16F7-4668-BE54-9A1E7A4F7556}") = "LegacyLauncher", "LegacyLauncher\LegacyLauncher.csproj", "{2341B65D-0B5E-45AE-BAA2-6DA63D119F41}"
EndProject
Project("{9A19103F-16F7-4668-BE54-9A1E7A4F7556}") = "SakuraLibrary", "SakuraLibrary\SakuraLibrary.csproj", "{EC113DEE-C0B2-4E52-A318-FD44DAD67EA3}"
EndProject
Project("{2150E333-8FDC-42A3-9474-1A3956D46DE8}") = "解决方案项", "解决方案项", "{C30755D2-308A-4756-9294-EE92F4CFD408}"
	ProjectSection(SolutionItems) = preProject
		Directory.Build.props = Directory.Build.props
	EndProjectSection
EndProject
Global
	GlobalSection(SolutionConfigurationPlatforms) = preSolution
		Debug|Any CPU = Debug|Any CPU
		Release|Any CPU = Release|Any CPU
	EndGlobalSection
	GlobalSection(ProjectConfigurationPlatforms) = postSolution
		{D47FAF57-F12E-4052-B69D-4FFD227D36FF}.Debug|Any CPU.ActiveCfg = Debug|Any CPU
		{D47FAF57-F12E-4052-B69D-4FFD227D36FF}.Debug|Any CPU.Build.0 = Debug|Any CPU
		{D47FAF57-F12E-4052-B69D-4FFD227D36FF}.Release|Any CPU.ActiveCfg = Release|Any CPU
		{D47FAF57-F12E-4052-B69D-4FFD227D36FF}.Release|Any CPU.Build.0 = Release|Any CPU
		{2341B65D-0B5E-45AE-BAA2-6DA63D119F41}.Debug|Any CPU.ActiveCfg = Debug|Any CPU
		{2341B65D-0B5E-45AE-BAA2-6DA63D119F41}.Debug|Any CPU.Build.0 = Debug|Any CPU
		{2341B65D-0B5E-45AE-BAA2-6DA63D119F41}.Release|Any CPU.ActiveCfg = Release|Any CPU
		{2341B65D-0B5E-45AE-BAA2-6DA63D119F41}.Release|Any CPU.Build.0 = Release|Any CPU
		{EC113DEE-C0B2-4E52-A318-FD44DAD67EA3}.Debug|Any CPU.ActiveCfg = Debug|Any CPU
		{EC113DEE-C0B2-4E52-A318-FD44DAD67EA3}.Debug|Any CPU.Build.0 = Debug|Any CPU
		{EC113DEE-C0B2-4E52-A318-FD44DAD67EA3}.Release|Any CPU.ActiveCfg = Release|Any CPU
		{EC113DEE-C0B2-4E52-A318-FD44DAD67EA3}.Release|Any CPU.Build.0 = Release|Any CPU
	EndGlobalSection
	GlobalSection(SolutionProperties) = preSolution
		HideSolutionNode = FALSE
	EndGlobalSection
	GlobalSection(ExtensibilityGlobals) = postSolution
		SolutionGuid = {3FB38F30-55BC-4226-97BF-13002FEA921B}
	EndGlobalSection
EndGlobal
