
Microsoft Visual Studio Solution File, Format Version 12.00
# Visual Studio Version 16
VisualStudioVersion = 16.0.30907.101
MinimumVisualStudioVersion = 10.0.40219.1
Project("{FAE04EC0-301F-11D3-BF4B-00C04F79EFBC}") = "SakuraLauncher", "SakuraLauncher\SakuraLauncher.csproj", "{D47FAF57-F12E-4052-B69D-4FFD227D36FF}"
EndProject
Project("{FAE04EC0-301F-11D3-BF4B-00C04F79EFBC}") = "LegacyLauncher", "LegacyLauncher\LegacyLauncher.csproj", "{2341B65D-0B5E-45AE-BAA2-6DA63D119F41}"
EndProject
Project("{FAE04EC0-301F-11D3-BF4B-00C04F79EFBC}") = "SakuraFrpService", "SakuraFrpService\SakuraFrpService.csproj", "{1D8A7DBA-C82F-4EEA-B443-2AF24062DC6F}"
EndProject
Project("{FAE04EC0-301F-11D3-BF4B-00C04F79EFBC}") = "Updater", "Updater\Updater.csproj", "{5FF971A9-1F53-4A85-9440-E61A8F659D75}"
EndProject
Project("{9A19103F-16F7-4668-BE54-9A1E7A4F7556}") = "SakuraLibrary", "SakuraLibrary\SakuraLibrary.csproj", "{E75ECFA5-BE26-42DF-9F6F-50D7376ACE48}"
EndProject
Project("{2150E333-8FDC-42A3-9474-1A3956D46DE8}") = "Windows", "Windows", "{2C7C8B9C-F2EF-4890-A553-88B2D77C177A}"
EndProject
Project("{9A19103F-16F7-4668-BE54-9A1E7A4F7556}") = "ServiceLibrary", "ServiceLibrary\ServiceLibrary.csproj", "{24504949-8152-4420-B06A-BD6D894230DB}"
EndProject
Project("{FAE04EC0-301F-11D3-BF4B-00C04F79EFBC}") = "SakuraLibrary.Windows", "SakuraLibrary.Windows\SakuraLibrary.Windows.csproj", "{6973B012-7E69-4956-81C2-11D3D76B39B8}"
EndProject
Project("{2150E333-8FDC-42A3-9474-1A3956D46DE8}") = "macOS", "macOS", "{E2D698F5-9E44-4E31-AAD4-E0B7EE1BC685}"
EndProject
Global
	GlobalSection(SolutionConfigurationPlatforms) = preSolution
		Debug|Any CPU = Debug|Any CPU
		Release|Any CPU = Release|Any CPU
	EndGlobalSection
	GlobalSection(ProjectConfigurationPlatforms) = postSolution
		{D47FAF57-F12E-4052-B69D-4FFD227D36FF}.Debug|Any CPU.ActiveCfg = Debug|Any CPU
		{D47FAF57-F12E-4052-B69D-4FFD227D36FF}.Debug|Any CPU.Build.0 = Debug|Any CPU
		{D47FAF57-F12E-4052-B69D-4FFD227D36FF}.Release|Any CPU.ActiveCfg = Release|Any CPU
		{D47FAF57-F12E-4052-B69D-4FFD227D36FF}.Release|Any CPU.Build.0 = Release|Any CPU
		{2341B65D-0B5E-45AE-BAA2-6DA63D119F41}.Debug|Any CPU.ActiveCfg = Debug|Any CPU
		{2341B65D-0B5E-45AE-BAA2-6DA63D119F41}.Debug|Any CPU.Build.0 = Debug|Any CPU
		{2341B65D-0B5E-45AE-BAA2-6DA63D119F41}.Release|Any CPU.ActiveCfg = Release|Any CPU
		{2341B65D-0B5E-45AE-BAA2-6DA63D119F41}.Release|Any CPU.Build.0 = Release|Any CPU
		{1D8A7DBA-C82F-4EEA-B443-2AF24062DC6F}.Debug|Any CPU.ActiveCfg = Debug|Any CPU
		{1D8A7DBA-C82F-4EEA-B443-2AF24062DC6F}.Debug|Any CPU.Build.0 = Debug|Any CPU
		{1D8A7DBA-C82F-4EEA-B443-2AF24062DC6F}.Release|Any CPU.ActiveCfg = Release|Any CPU
		{1D8A7DBA-C82F-4EEA-B443-2AF24062DC6F}.Release|Any CPU.Build.0 = Release|Any CPU
		{5FF971A9-1F53-4A85-9440-E61A8F659D75}.Debug|Any CPU.ActiveCfg = Debug|Any CPU
		{5FF971A9-1F53-4A85-9440-E61A8F659D75}.Debug|Any CPU.Build.0 = Debug|Any CPU
		{5FF971A9-1F53-4A85-9440-E61A8F659D75}.Release|Any CPU.ActiveCfg = Release|Any CPU
		{5FF971A9-1F53-4A85-9440-E61A8F659D75}.Release|Any CPU.Build.0 = Release|Any CPU
		{E75ECFA5-BE26-42DF-9F6F-50D7376ACE48}.Debug|Any CPU.ActiveCfg = Debug|Any CPU
		{E75ECFA5-BE26-42DF-9F6F-50D7376ACE48}.Debug|Any CPU.Build.0 = Debug|Any CPU
		{E75ECFA5-BE26-42DF-9F6F-50D7376ACE48}.Release|Any CPU.ActiveCfg = Release|Any CPU
		{E75ECFA5-BE26-42DF-9F6F-50D7376ACE48}.Release|Any CPU.Build.0 = Release|Any CPU
		{24504949-8152-4420-B06A-BD6D894230DB}.Debug|Any CPU.ActiveCfg = Debug|Any CPU
		{24504949-8152-4420-B06A-BD6D894230DB}.Debug|Any CPU.Build.0 = Debug|Any CPU
		{24504949-8152-4420-B06A-BD6D894230DB}.Release|Any CPU.ActiveCfg = Release|Any CPU
		{24504949-8152-4420-B06A-BD6D894230DB}.Release|Any CPU.Build.0 = Release|Any CPU
		{6973B012-7E69-4956-81C2-11D3D76B39B8}.Debug|Any CPU.ActiveCfg = Debug|Any CPU
		{6973B012-7E69-4956-81C2-11D3D76B39B8}.Debug|Any CPU.Build.0 = Debug|Any CPU
		{6973B012-7E69-4956-81C2-11D3D76B39B8}.Release|Any CPU.ActiveCfg = Release|Any CPU
		{6973B012-7E69-4956-81C2-11D3D76B39B8}.Release|Any CPU.Build.0 = Release|Any CPU
	EndGlobalSection
	GlobalSection(SolutionProperties) = preSolution
		HideSolutionNode = FALSE
	EndGlobalSection
	GlobalSection(NestedProjects) = preSolution
		{D47FAF57-F12E-4052-B69D-4FFD227D36FF} = {2C7C8B9C-F2EF-4890-A553-88B2D77C177A}
		{2341B65D-0B5E-45AE-BAA2-6DA63D119F41} = {2C7C8B9C-F2EF-4890-A553-88B2D77C177A}
		{1D8A7DBA-C82F-4EEA-B443-2AF24062DC6F} = {2C7C8B9C-F2EF-4890-A553-88B2D77C177A}
		{5FF971A9-1F53-4A85-9440-E61A8F659D75} = {2C7C8B9C-F2EF-4890-A553-88B2D77C177A}
		{6973B012-7E69-4956-81C2-11D3D76B39B8} = {2C7C8B9C-F2EF-4890-A553-88B2D77C177A}
	EndGlobalSection
	GlobalSection(ExtensibilityGlobals) = postSolution
		SolutionGuid = {3FB38F30-55BC-4226-97BF-13002FEA921B}
	EndGlobalSection
EndGlobal
